
Microsoft Visual Studio Solution File, Format Version 12.00
# Visual Studio Version 18
VisualStudioVersion = 18.0.11205.157 d18.0
MinimumVisualStudioVersion = 10.0.40219.1
Project("{FAE04EC0-301F-11D3-BF4B-00C04F79EFBC}") = "MemoirsOfThePast.AppHost", "MemoirsOfThePast.AppHost\MemoirsOfThePast.AppHost.csproj", "{5B2061EE-FB68-4439-8E75-68BABE5DC3D2}"
EndProject
Project("{FAE04EC0-301F-11D3-BF4B-00C04F79EFBC}") = "MemoirsOfThePast.ServiceDefaults", "MemoirsOfThePast.ServiceDefaults\MemoirsOfThePast.ServiceDefaults.csproj", "{0D682496-6445-BC37-12C2-FB973019A088}"
EndProject
Project("{FAE04EC0-301F-11D3-BF4B-00C04F79EFBC}") = "MemoirsOfThePast.Infrastructure", "MemoirsOfThePast.Infrastructure\MemoirsOfThePast.Infrastructure.csproj", "{605E22E4-3810-4225-80C9-E5EB656409D8}"
EndProject
Project("{FAE04EC0-301F-11D3-BF4B-00C04F79EFBC}") = "MemoirsOfThePast.HoST", "MomoirsOfThePast.Host\MemoirsOfThePast.HoST.csproj", "{A5BC898E-C001-0BAE-0BDA-FBDECF852FC4}"
EndProject
Global
	GlobalSection(SolutionConfigurationPlatforms) = preSolution
		Debug|Any CPU = Debug|Any CPU
		Release|Any CPU = Release|Any CPU
	EndGlobalSection
	GlobalSection(ProjectConfigurationPlatforms) = postSolution
		{5B2061EE-FB68-4439-8E75-68BABE5DC3D2}.Debug|Any CPU.ActiveCfg = Debug|Any CPU
		{5B2061EE-FB68-4439-8E75-68BABE5DC3D2}.Debug|Any CPU.Build.0 = Debug|Any CPU
		{5B2061EE-FB68-4439-8E75-68BABE5DC3D2}.Release|Any CPU.ActiveCfg = Release|Any CPU
		{5B2061EE-FB68-4439-8E75-68BABE5DC3D2}.Release|Any CPU.Build.0 = Release|Any CPU
		{0D682496-6445-BC37-12C2-FB973019A088}.Debug|Any CPU.ActiveCfg = Debug|Any CPU
		{0D682496-6445-BC37-12C2-FB973019A088}.Debug|Any CPU.Build.0 = Debug|Any CPU
		{0D682496-6445-BC37-12C2-FB973019A088}.Release|Any CPU.ActiveCfg = Release|Any CPU
		{0D682496-6445-BC37-12C2-FB973019A088}.Release|Any CPU.Build.0 = Release|Any CPU
		{605E22E4-3810-4225-80C9-E5EB656409D8}.Debug|Any CPU.ActiveCfg = Debug|Any CPU
		{605E22E4-3810-4225-80C9-E5EB656409D8}.Debug|Any CPU.Build.0 = Debug|Any CPU
		{605E22E4-3810-4225-80C9-E5EB656409D8}.Release|Any CPU.ActiveCfg = Release|Any CPU
		{605E22E4-3810-4225-80C9-E5EB656409D8}.Release|Any CPU.Build.0 = Release|Any CPU
		{A5BC898E-C001-0BAE-0BDA-FBDECF852FC4}.Debug|Any CPU.ActiveCfg = Debug|Any CPU
		{A5BC898E-C001-0BAE-0BDA-FBDECF852FC4}.Debug|Any CPU.Build.0 = Debug|Any CPU
		{A5BC898E-C001-0BAE-0BDA-FBDECF852FC4}.Release|Any CPU.ActiveCfg = Release|Any CPU
		{A5BC898E-C001-0BAE-0BDA-FBDECF852FC4}.Release|Any CPU.Build.0 = Release|Any CPU
	EndGlobalSection
	GlobalSection(SolutionProperties) = preSolution
		HideSolutionNode = FALSE
	EndGlobalSection
	GlobalSection(ExtensibilityGlobals) = postSolution
		SolutionGuid = {03746744-5E0C-434E-BB6A-C90E4612C222}
	EndGlobalSection
EndGlobal
